// !$*UTF8*$!
{
	archiveVersion = 1;
	classes = {
	};
	objectVersion = 46;
	objects = {

/* Begin PBXBuildFile section */
		6523FEE31AB7E68D00E18F15 /* main.m in Sources */ = {isa = PBXBuildFile; fileRef = 6523FEE21AB7E68D00E18F15 /* main.m */; };
		6523FEE61AB7E68D00E18F15 /* AppDelegate.m in Sources */ = {isa = PBXBuildFile; fileRef = 6523FEE51AB7E68D00E18F15 /* AppDelegate.m */; };
		6523FEE91AB7E68D00E18F15 /* ViewController.m in Sources */ = {isa = PBXBuildFile; fileRef = 6523FEE81AB7E68D00E18F15 /* ViewController.m */; };
		6523FEEC1AB7E68D00E18F15 /* Main.storyboard in Resources */ = {isa = PBXBuildFile; fileRef = 6523FEEA1AB7E68D00E18F15 /* Main.storyboard */; };
		6523FEEE1AB7E68D00E18F15 /* Images.xcassets in Resources */ = {isa = PBXBuildFile; fileRef = 6523FEED1AB7E68D00E18F15 /* Images.xcassets */; };
		6523FEF11AB7E68D00E18F15 /* LaunchScreen.xib in Resources */ = {isa = PBXBuildFile; fileRef = 6523FEEF1AB7E68D00E18F15 /* LaunchScreen.xib */; };
		6523FEFD1AB7E68E00E18F15 /* chessboardTests.m in Sources */ = {isa = PBXBuildFile; fileRef = 6523FEFC1AB7E68E00E18F15 /* chessboardTests.m */; };
/* End PBXBuildFile section */

/* Begin PBXContainerItemProxy section */
		6523FEF71AB7E68D00E18F15 /* PBXContainerItemProxy */ = {
			isa = PBXContainerItemProxy;
			containerPortal = 6523FED51AB7E68D00E18F15 /* Project object */;
			proxyType = 1;
			remoteGlobalIDString = 6523FEDC1AB7E68D00E18F15;
			remoteInfo = chessboard;
		};
/* End PBXContainerItemProxy section */

/* Begin PBXFileReference section */
		6523FEDD1AB7E68D00E18F15 /* chessboard.app */ = {isa = PBXFileReference; explicitFileType = wrapper.application; includeInIndex = 0; path = chessboard.app; sourceTree = BUILT_PRODUCTS_DIR; };
		6523FEE11AB7E68D00E18F15 /* Info.plist */ = {isa = PBXFileReference; lastKnownFileType = text.plist.xml; path = Info.plist; sourceTree = "<group>"; };
		6523FEE21AB7E68D00E18F15 /* main.m */ = {isa = PBXFileReference; lastKnownFileType = sourcecode.c.objc; path = main.m; sourceTree = "<group>"; };
		6523FEE41AB7E68D00E18F15 /* AppDelegate.h */ = {isa = PBXFileReference; lastKnownFileType = sourcecode.c.h; path = AppDelegate.h; sourceTree = "<group>"; };
		6523FEE51AB7E68D00E18F15 /* AppDelegate.m */ = {isa = PBXFileReference; lastKnownFileType = sourcecode.c.objc; path = AppDelegate.m; sourceTree = "<group>"; };
		6523FEE71AB7E68D00E18F15 /* ViewController.h */ = {isa = PBXFileReference; lastKnownFileType = sourcecode.c.h; path = ViewController.h; sourceTree = "<group>"; };
		6523FEE81AB7E68D00E18F15 /* ViewController.m */ = {isa = PBXFileReference; lastKnownFileType = sourcecode.c.objc; path = ViewController.m; sourceTree = "<group>"; };
		6523FEEB1AB7E68D00E18F15 /* Base */ = {isa = PBXFileReference; lastKnownFileType = file.storyboard; name = Base; path = Base.lproj/Main.storyboard; sourceTree = "<group>"; };
		6523FEED1AB7E68D00E18F15 /* Images.xcassets */ = {isa = PBXFileReference; lastKnownFileType = folder.assetcatalog; path = Images.xcassets; sourceTree = "<group>"; };
		6523FEF01AB7E68D00E18F15 /* Base */ = {isa = PBXFileReference; lastKnownFileType = file.xib; name = Base; path = Base.lproj/LaunchScreen.xib; sourceTree = "<group>"; };
		6523FEF61AB7E68D00E18F15 /* chessboardTests.xctest */ = {isa = PBXFileReference; explicitFileType = wrapper.cfbundle; includeInIndex = 0; path = chessboardTests.xctest; sourceTree = BUILT_PRODUCTS_DIR; };
		6523FEFB1AB7E68D00E18F15 /* Info.plist */ = {isa = PBXFileReference; lastKnownFileType = text.plist.xml; path = Info.plist; sourceTree = "<group>"; };
		6523FEFC1AB7E68E00E18F15 /* chessboardTests.m */ = {isa = PBXFileReference; lastKnownFileType = sourcecode.c.objc; path = chessboardTests.m; sourceTree = "<group>"; };
/* End PBXFileReference section */

/* Begin PBXFrameworksBuildPhase section */
		6523FEDA1AB7E68D00E18F15 /* Frameworks */ = {
			isa = PBXFrameworksBuildPhase;
			buildActionMask = 2147483647;
			files = (
			);
			runOnlyForDeploymentPostprocessing = 0;
		};
		6523FEF31AB7E68D00E18F15 /* Frameworks */ = {
			isa = PBXFrameworksBuildPhase;
			buildActionMask = 2147483647;
			files = (
			);
			runOnlyForDeploymentPostprocessing = 0;
		};
/* End PBXFrameworksBuildPhase section */

/* Begin PBXGroup section */
		6523FED41AB7E68D00E18F15 = {
			isa = PBXGroup;
			children = (
				6523FEDF1AB7E68D00E18F15 /* chessboard */,
				6523FEF91AB7E68D00E18F15 /* chessboardTests */,
				6523FEDE1AB7E68D00E18F15 /* Products */,
			);
			sourceTree = "<group>";
		};
		6523FEDE1AB7E68D00E18F15 /* Products */ = {
			isa = PBXGroup;
			children = (
				6523FEDD1AB7E68D00E18F15 /* chessboard.app */,
				6523FEF61AB7E68D00E18F15 /* chessboardTests.xctest */,
			);
			name = Products;
			sourceTree = "<group>";
		};
		6523FEDF1AB7E68D00E18F15 /* chessboard */ = {
			isa = PBXGroup;
			children = (
				6523FEE41AB7E68D00E18F15 /* AppDelegate.h */,
				6523FEE51AB7E68D00E18F15 /* AppDelegate.m */,
				6523FEE71AB7E68D00E18F15 /* ViewController.h */,
				6523FEE81AB7E68D00E18F15 /* ViewController.m */,
				6523FEEA1AB7E68D00E18F15 /* Main.storyboard */,
				6523FEED1AB7E68D00E18F15 /* Images.xcassets */,
				6523FEEF1AB7E68D00E18F15 /* LaunchScreen.xib */,
				6523FEE01AB7E68D00E18F15 /* Supporting Files */,
			);
			path = chessboard;
			sourceTree = "<group>";
		};
		6523FEE01AB7E68D00E18F15 /* Supporting Files */ = {
			isa = PBXGroup;
			children = (
				6523FEE11AB7E68D00E18F15 /* Info.plist */,
				6523FEE21AB7E68D00E18F15 /* main.m */,
			);
			name = "Supporting Files";
			sourceTree = "<group>";
		};
		6523FEF91AB7E68D00E18F15 /* chessboardTests */ = {
			isa = PBXGroup;
			children = (
				6523FEFC1AB7E68E00E18F15 /* chessboardTests.m */,
				6523FEFA1AB7E68D00E18F15 /* Supporting Files */,
			);
			path = chessboardTests;
			sourceTree = "<group>";
		};
		6523FEFA1AB7E68D00E18F15 /* Supporting Files */ = {
			isa = PBXGroup;
			children = (
				6523FEFB1AB7E68D00E18F15 /* Info.plist */,
			);
			name = "Supporting Files";
			sourceTree = "<group>";
		};
/* End PBXGroup section */

/* Begin PBXNativeTarget section */
		6523FEDC1AB7E68D00E18F15 /* chessboard */ = {
			isa = PBXNativeTarget;
			buildConfigurationList = 6523FF001AB7E68E00E18F15 /* Build configuration list for PBXNativeTarget "chessboard" */;
			buildPhases = (
				6523FED91AB7E68D00E18F15 /* Sources */,
				6523FEDA1AB7E68D00E18F15 /* Frameworks */,
				6523FEDB1AB7E68D00E18F15 /* Resources */,
			);
			buildRules = (
			);
			dependencies = (
			);
			name = chessboard;
			productName = chessboard;
			productReference = 6523FEDD1AB7E68D00E18F15 /* chessboard.app */;
			productType = "com.apple.product-type.application";
		};
		6523FEF51AB7E68D00E18F15 /* chessboardTests */ = {
			isa = PBXNativeTarget;
			buildConfigurationList = 6523FF031AB7E68E00E18F15 /* Build configuration list for PBXNativeTarget "chessboardTests" */;
			buildPhases = (
				6523FEF21AB7E68D00E18F15 /* Sources */,
				6523FEF31AB7E68D00E18F15 /* Frameworks */,
				6523FEF41AB7E68D00E18F15 /* Resources */,
			);
			buildRules = (
			);
			dependencies = (
				6523FEF81AB7E68D00E18F15 /* PBXTargetDependency */,
			);
			name = chessboardTests;
			productName = chessboardTests;
			productReference = 6523FEF61AB7E68D00E18F15 /* chessboardTests.xctest */;
			productType = "com.apple.product-type.bundle.unit-test";
		};
/* End PBXNativeTarget section */

/* Begin PBXProject section */
		6523FED51AB7E68D00E18F15 /* Project object */ = {
			isa = PBXProject;
			attributes = {
				LastUpgradeCheck = 0630;
				ORGANIZATIONNAME = phamot;
				TargetAttributes = {
					6523FEDC1AB7E68D00E18F15 = {
						CreatedOnToolsVersion = 6.3;
					};
					6523FEF51AB7E68D00E18F15 = {
						CreatedOnToolsVersion = 6.3;
						TestTargetID = 6523FEDC1AB7E68D00E18F15;
					};
				};
			};
			buildConfigurationList = 6523FED81AB7E68D00E18F15 /* Build configuration list for PBXProject "chessboard" */;
			compatibilityVersion = "Xcode 3.2";
			developmentRegion = English;
			hasScannedForEncodings = 0;
			knownRegions = (
				en,
				Base,
			);
			mainGroup = 6523FED41AB7E68D00E18F15;
			productRefGroup = 6523FEDE1AB7E68D00E18F15 /* Products */;
			projectDirPath = "";
			projectRoot = "";
			targets = (
				6523FEDC1AB7E68D00E18F15 /* chessboard */,
				6523FEF51AB7E68D00E18F15 /* chessboardTests */,
			);
		};
/* End PBXProject section */

/* Begin PBXResourcesBuildPhase section */
		6523FEDB1AB7E68D00E18F15 /* Resources */ = {
			isa = PBXResourcesBuildPhase;
			buildActionMask = 2147483647;
			files = (
				6523FEEC1AB7E68D00E18F15 /* Main.storyboard in Resources */,
				6523FEF11AB7E68D00E18F15 /* LaunchScreen.xib in Resources */,
				6523FEEE1AB7E68D00E18F15 /* Images.xcassets in Resources */,
			);
			runOnlyForDeploymentPostprocessing = 0;
		};
		6523FEF41AB7E68D00E18F15 /* Resources */ = {
			isa = PBXResourcesBuildPhase;
			buildActionMask = 2147483647;
			files = (
			);
			runOnlyForDeploymentPostprocessing = 0;
		};
/* End PBXResourcesBuildPhase section */

/* Begin PBXSourcesBuildPhase section */
		6523FED91AB7E68D00E18F15 /* Sources */ = {
			isa = PBXSourcesBuildPhase;
			buildActionMask = 2147483647;
			files = (
				6523FEE91AB7E68D00E18F15 /* ViewController.m in Sources */,
				6523FEE61AB7E68D00E18F15 /* AppDelegate.m in Sources */,
				6523FEE31AB7E68D00E18F15 /* main.m in Sources */,
			);
			runOnlyForDeploymentPostprocessing = 0;
		};
		6523FEF21AB7E68D00E18F15 /* Sources */ = {
			isa = PBXSourcesBuildPhase;
			buildActionMask = 2147483647;
			files = (
				6523FEFD1AB7E68E00E18F15 /* chessboardTests.m in Sources */,
			);
			runOnlyForDeploymentPostprocessing = 0;
		};
/* End PBXSourcesBuildPhase section */

/* Begin PBXTargetDependency section */
		6523FEF81AB7E68D00E18F15 /* PBXTargetDependency */ = {
			isa = PBXTargetDependency;
			target = 6523FEDC1AB7E68D00E18F15 /* chessboard */;
			targetProxy = 6523FEF71AB7E68D00E18F15 /* PBXContainerItemProxy */;
		};
/* End PBXTargetDependency section */

/* Begin PBXVariantGroup section */
		6523FEEA1AB7E68D00E18F15 /* Main.storyboard */ = {
			isa = PBXVariantGroup;
			children = (
				6523FEEB1AB7E68D00E18F15 /* Base */,
			);
			name = Main.storyboard;
			sourceTree = "<group>";
		};
		6523FEEF1AB7E68D00E18F15 /* LaunchScreen.xib */ = {
			isa = PBXVariantGroup;
			children = (
				6523FEF01AB7E68D00E18F15 /* Base */,
			);
			name = LaunchScreen.xib;
			sourceTree = "<group>";
		};
/* End PBXVariantGroup section */

/* Begin XCBuildConfiguration section */
		6523FEFE1AB7E68E00E18F15 /* Debug */ = {
			isa = XCBuildConfiguration;
			buildSettings = {
				ALWAYS_SEARCH_USER_PATHS = NO;
				CLANG_CXX_LANGUAGE_STANDARD = "gnu++0x";
				CLANG_CXX_LIBRARY = "libc++";
				CLANG_ENABLE_MODULES = YES;
				CLANG_ENABLE_OBJC_ARC = YES;
				CLANG_WARN_BOOL_CONVERSION = YES;
				CLANG_WARN_CONSTANT_CONVERSION = YES;
				CLANG_WARN_DIRECT_OBJC_ISA_USAGE = YES_ERROR;
				CLANG_WARN_EMPTY_BODY = YES;
				CLANG_WARN_ENUM_CONVERSION = YES;
				CLANG_WARN_INT_CONVERSION = YES;
				CLANG_WARN_OBJC_ROOT_CLASS = YES_ERROR;
				CLANG_WARN_UNREACHABLE_CODE = YES;
				CLANG_WARN__DUPLICATE_METHOD_MATCH = YES;
				"CODE_SIGN_IDENTITY[sdk=iphoneos*]" = "iPhone Developer";
				COPY_PHASE_STRIP = NO;
				DEBUG_INFORMATION_FORMAT = "dwarf-with-dsym";
				ENABLE_STRICT_OBJC_MSGSEND = YES;
				GCC_C_LANGUAGE_STANDARD = gnu99;
				GCC_DYNAMIC_NO_PIC = NO;
				GCC_NO_COMMON_BLOCKS = YES;
				GCC_OPTIMIZATION_LEVEL = 0;
				GCC_PREPROCESSOR_DEFINITIONS = (
					"DEBUG=1",
					"$(inherited)",
				);
				GCC_SYMBOLS_PRIVATE_EXTERN = NO;
				GCC_WARN_64_TO_32_BIT_CONVERSION = YES;
				GCC_WARN_ABOUT_RETURN_TYPE = YES_ERROR;
				GCC_WARN_UNDECLARED_SELECTOR = YES;
				GCC_WARN_UNINITIALIZED_AUTOS = YES_AGGRESSIVE;
				GCC_WARN_UNUSED_FUNCTION = YES;
				GCC_WARN_UNUSED_VARIABLE = YES;
				IPHONEOS_DEPLOYMENT_TARGET = 8.3;
				MTL_ENABLE_DEBUG_INFO = YES;
				ONLY_ACTIVE_ARCH = YES;
				SDKROOT = iphoneos;
			};
			name = Debug;
		};
		6523FEFF1AB7E68E00E18F15 /* Release */ = {
			isa = XCBuildConfiguration;
			buildSettings = {
				ALWAYS_SEARCH_USER_PATHS = NO;
				CLANG_CXX_LANGUAGE_STANDARD = "gnu++0x";
				CLANG_CXX_LIBRARY = "libc++";
				CLANG_ENABLE_MODULES = YES;
				CLANG_ENABLE_OBJC_ARC = YES;
				CLANG_WARN_BOOL_CONVERSION = YES;
				CLANG_WARN_CONSTANT_CONVERSION = YES;
				CLANG_WARN_DIRECT_OBJC_ISA_USAGE = YES_ERROR;
				CLANG_WARN_EMPTY_BODY = YES;
				CLANG_WARN_ENUM_CONVERSION = YES;
				CLANG_WARN_INT_CONVERSION = YES;
				CLANG_WARN_OBJC_ROOT_CLASS = YES_ERROR;
				CLANG_WARN_UNREACHABLE_CODE = YES;
				CLANG_WARN__DUPLICATE_METHOD_MATCH = YES;
				"CODE_SIGN_IDENTITY[sdk=iphoneos*]" = "iPhone Developer";
				COPY_PHASE_STRIP = NO;
				DEBUG_INFORMATION_FORMAT = "dwarf-with-dsym";
				ENABLE_NS_ASSERTIONS = NO;
				ENABLE_STRICT_OBJC_MSGSEND = YES;
				GCC_C_LANGUAGE_STANDARD = gnu99;
				GCC_NO_COMMON_BLOCKS = YES;
				GCC_WARN_64_TO_32_BIT_CONVERSION = YES;
				GCC_WARN_ABOUT_RETURN_TYPE = YES_ERROR;
				GCC_WARN_UNDECLARED_SELECTOR = YES;
				GCC_WARN_UNINITIALIZED_AUTOS = YES_AGGRESSIVE;
				GCC_WARN_UNUSED_FUNCTION = YES;
				GCC_WARN_UNUSED_VARIABLE = YES;
				IPHONEOS_DEPLOYMENT_TARGET = 8.3;
				MTL_ENABLE_DEBUG_INFO = NO;
				SDKROOT = iphoneos;
				VALIDATE_PRODUCT = YES;
			};
			name = Release;
		};
		6523FF011AB7E68E00E18F15 /* Debug */ = {
			isa = XCBuildConfiguration;
			buildSettings = {
				ASSETCATALOG_COMPILER_APPICON_NAME = AppIcon;
				INFOPLIST_FILE = chessboard/Info.plist;
				LD_RUNPATH_SEARCH_PATHS = "$(inherited) @executable_path/Frameworks";
				PRODUCT_NAME = "$(TARGET_NAME)";
			};
			name = Debug;
		};
		6523FF021AB7E68E00E18F15 /* Release */ = {
			isa = XCBuildConfiguration;
			buildSettings = {
				ASSETCATALOG_COMPILER_APPICON_NAME = AppIcon;
				INFOPLIST_FILE = chessboard/Info.plist;
				LD_RUNPATH_SEARCH_PATHS = "$(inherited) @executable_path/Frameworks";
				PRODUCT_NAME = "$(TARGET_NAME)";
			};
			name = Release;
		};
		6523FF041AB7E68E00E18F15 /* Debug */ = {
			isa = XCBuildConfiguration;
			buildSettings = {
				BUNDLE_LOADER = "$(TEST_HOST)";
				FRAMEWORK_SEARCH_PATHS = (
					"$(SDKROOT)/Developer/Library/Frameworks",
					"$(inherited)",
				);
				GCC_PREPROCESSOR_DEFINITIONS = (
					"DEBUG=1",
					"$(inherited)",
				);
				INFOPLIST_FILE = chessboardTests/Info.plist;
				LD_RUNPATH_SEARCH_PATHS = "$(inherited) @executable_path/Frameworks @loader_path/Frameworks";
				PRODUCT_NAME = "$(TARGET_NAME)";
				TEST_HOST = "$(BUILT_PRODUCTS_DIR)/chessboard.app/chessboard";
			};
			name = Debug;
		};
		6523FF051AB7E68E00E18F15 /* Release */ = {
			isa = XCBuildConfiguration;
			buildSettings = {
				BUNDLE_LOADER = "$(TEST_HOST)";
				FRAMEWORK_SEARCH_PATHS = (
					"$(SDKROOT)/Developer/Library/Frameworks",
					"$(inherited)",
				);
				INFOPLIST_FILE = chessboardTests/Info.plist;
				LD_RUNPATH_SEARCH_PATHS = "$(inherited) @executable_path/Frameworks @loader_path/Frameworks";
				PRODUCT_NAME = "$(TARGET_NAME)";
				TEST_HOST = "$(BUILT_PRODUCTS_DIR)/chessboard.app/chessboard";
			};
			name = Release;
		};
/* End XCBuildConfiguration section */

/* Begin XCConfigurationList section */
		6523FED81AB7E68D00E18F15 /* Build configuration list for PBXProject "chessboard" */ = {
			isa = XCConfigurationList;
			buildConfigurations = (
				6523FEFE1AB7E68E00E18F15 /* Debug */,
				6523FEFF1AB7E68E00E18F15 /* Release */,
			);
			defaultConfigurationIsVisible = 0;
			defaultConfigurationName = Release;
		};
		6523FF001AB7E68E00E18F15 /* Build configuration list for PBXNativeTarget "chessboard" */ = {
			isa = XCConfigurationList;
			buildConfigurations = (
				6523FF011AB7E68E00E18F15 /* Debug */,
				6523FF021AB7E68E00E18F15 /* Release */,
			);
			defaultConfigurationIsVisible = 0;
		};
		6523FF031AB7E68E00E18F15 /* Build configuration list for PBXNativeTarget "chessboardTests" */ = {
			isa = XCConfigurationList;
			buildConfigurations = (
				6523FF041AB7E68E00E18F15 /* Debug */,
				6523FF051AB7E68E00E18F15 /* Release */,
			);
			defaultConfigurationIsVisible = 0;
		};
/* End XCConfigurationList section */
	};
	rootObject = 6523FED51AB7E68D00E18F15 /* Project object */;
}
